
Microsoft Visual Studio Solution File, Format Version 12.00
# Visual Studio 14
VisualStudioVersion = 14.0.25420.1
MinimumVisualStudioVersion = 10.0.40219.1
Project("{FAE04EC0-301F-11D3-BF4B-00C04F79EFBC}") = "MenuApplication", "MenuApplication\MenuApplication.csproj", "{1DCD7644-1297-4CEF-ABA8-0FFD3E0C8EEC}"
EndProject
Global
	GlobalSection(SolutionConfigurationPlatforms) = preSolution
		Debug|Any CPU = Debug|Any CPU
		Release|Any CPU = Release|Any CPU
	EndGlobalSection
	GlobalSection(ProjectConfigurationPlatforms) = postSolution
		{1DCD7644-1297-4CEF-ABA8-0FFD3E0C8EEC}.Debug|Any CPU.ActiveCfg = Debug|Any CPU
		{1DCD7644-1297-4CEF-ABA8-0FFD3E0C8EEC}.Debug|Any CPU.Build.0 = Debug|Any CPU
		{1DCD7644-1297-4CEF-ABA8-0FFD3E0C8EEC}.Release|Any CPU.ActiveCfg = Release|Any CPU
		{1DCD7644-1297-4CEF-ABA8-0FFD3E0C8EEC}.Release|Any CPU.Build.0 = Release|Any CPU
	EndGlobalSection
	GlobalSection(SolutionProperties) = preSolution
		HideSolutionNode = FALSE
	EndGlobalSection
EndGlobal
